
Microsoft Visual Studio Solution File, Format Version 12.00
# Visual Studio Version 17
VisualStudioVersion = 17.11.35219.272
MinimumVisualStudioVersion = 10.0.40219.1
Project("{8BC9CEB8-8B4A-11D0-8D11-00A0C91BC942}") = "ConsoleApplication1", "ConsoleApplication1\ConsoleApplication1.vcxproj", "{F11D2DB8-32F2-4513-986B-5F4D7AB9B2B6}"
	ProjectSection(ProjectDependencies) = postProject
		{5300ED7E-F88C-4CCC-AD45-6CE0E5BA79AF} = {5300ED7E-F88C-4CCC-AD45-6CE0E5BA79AF}
		{E471EB11-8B50-4D61-B407-8A674AC2DA24} = {E471EB11-8B50-4D61-B407-8A674AC2DA24}
		{E5380C83-1189-4641-9EAD-AB8F00EC9455} = {E5380C83-1189-4641-9EAD-AB8F00EC9455}
		{F96EBCD9-CA64-46E3-849C-3148887BB892} = {F96EBCD9-CA64-46E3-849C-3148887BB892}
	EndProjectSection
EndProject
Project("{8BC9CEB8-8B4A-11D0-8D11-00A0C91BC942}") = "Dll1", "Dll1\Dll1.vcxproj", "{F96EBCD9-CA64-46E3-849C-3148887BB892}"
EndProject
Project("{8BC9CEB8-8B4A-11D0-8D11-00A0C91BC942}") = "Dll2", "Dll2\Dll2.vcxproj", "{5300ED7E-F88C-4CCC-AD45-6CE0E5BA79AF}"
EndProject
Project("{8BC9CEB8-8B4A-11D0-8D11-00A0C91BC942}") = "StaticLib1", "StaticLib1\StaticLib1.vcxproj", "{E5380C83-1189-4641-9EAD-AB8F00EC9455}"
EndProject
Project("{8BC9CEB8-8B4A-11D0-8D11-00A0C91BC942}") = "StaticLib2", "StaticLib2\StaticLib2.vcxproj", "{E471EB11-8B50-4D61-B407-8A674AC2DA24}"
EndProject
Global
	GlobalSection(SolutionConfigurationPlatforms) = preSolution
		Debug|x64 = Debug|x64
		Debug|x86 = Debug|x86
		Release|x64 = Release|x64
		Release|x86 = Release|x86
	EndGlobalSection
	GlobalSection(ProjectConfigurationPlatforms) = postSolution
		{F11D2DB8-32F2-4513-986B-5F4D7AB9B2B6}.Debug|x64.ActiveCfg = Debug|x64
		{F11D2DB8-32F2-4513-986B-5F4D7AB9B2B6}.Debug|x64.Build.0 = Debug|x64
		{F11D2DB8-32F2-4513-986B-5F4D7AB9B2B6}.Debug|x86.ActiveCfg = Debug|Win32
		{F11D2DB8-32F2-4513-986B-5F4D7AB9B2B6}.Debug|x86.Build.0 = Debug|Win32
		{F11D2DB8-32F2-4513-986B-5F4D7AB9B2B6}.Release|x64.ActiveCfg = Release|x64
		{F11D2DB8-32F2-4513-986B-5F4D7AB9B2B6}.Release|x64.Build.0 = Release|x64
		{F11D2DB8-32F2-4513-986B-5F4D7AB9B2B6}.Release|x86.ActiveCfg = Release|Win32
		{F11D2DB8-32F2-4513-986B-5F4D7AB9B2B6}.Release|x86.Build.0 = Release|Win32
		{F96EBCD9-CA64-46E3-849C-3148887BB892}.Debug|x64.ActiveCfg = Debug|x64
		{F96EBCD9-CA64-46E3-849C-3148887BB892}.Debug|x64.Build.0 = Debug|x64
		{F96EBCD9-CA64-46E3-849C-3148887BB892}.Debug|x86.ActiveCfg = Debug|Win32
		{F96EBCD9-CA64-46E3-849C-3148887BB892}.Debug|x86.Build.0 = Debug|Win32
		{F96EBCD9-CA64-46E3-849C-3148887BB892}.Release|x64.ActiveCfg = Release|x64
		{F96EBCD9-CA64-46E3-849C-3148887BB892}.Release|x64.Build.0 = Release|x64
		{F96EBCD9-CA64-46E3-849C-3148887BB892}.Release|x86.ActiveCfg = Release|Win32
		{F96EBCD9-CA64-46E3-849C-3148887BB892}.Release|x86.Build.0 = Release|Win32
		{5300ED7E-F88C-4CCC-AD45-6CE0E5BA79AF}.Debug|x64.ActiveCfg = Debug|x64
		{5300ED7E-F88C-4CCC-AD45-6CE0E5BA79AF}.Debug|x64.Build.0 = Debug|x64
		{5300ED7E-F88C-4CCC-AD45-6CE0E5BA79AF}.Debug|x86.ActiveCfg = Debug|Win32
		{5300ED7E-F88C-4CCC-AD45-6CE0E5BA79AF}.Debug|x86.Build.0 = Debug|Win32
		{5300ED7E-F88C-4CCC-AD45-6CE0E5BA79AF}.Release|x64.ActiveCfg = Release|x64
		{5300ED7E-F88C-4CCC-AD45-6CE0E5BA79AF}.Release|x64.Build.0 = Release|x64
		{5300ED7E-F88C-4CCC-AD45-6CE0E5BA79AF}.Release|x86.ActiveCfg = Release|Win32
		{5300ED7E-F88C-4CCC-AD45-6CE0E5BA79AF}.Release|x86.Build.0 = Release|Win32
		{E5380C83-1189-4641-9EAD-AB8F00EC9455}.Debug|x64.ActiveCfg = Debug|x64
		{E5380C83-1189-4641-9EAD-AB8F00EC9455}.Debug|x64.Build.0 = Debug|x64
		{E5380C83-1189-4641-9EAD-AB8F00EC9455}.Debug|x86.ActiveCfg = Debug|Win32
		{E5380C83-1189-4641-9EAD-AB8F00EC9455}.Debug|x86.Build.0 = Debug|Win32
		{E5380C83-1189-4641-9EAD-AB8F00EC9455}.Release|x64.ActiveCfg = Release|x64
		{E5380C83-1189-4641-9EAD-AB8F00EC9455}.Release|x64.Build.0 = Release|x64
		{E5380C83-1189-4641-9EAD-AB8F00EC9455}.Release|x86.ActiveCfg = Release|Win32
		{E5380C83-1189-4641-9EAD-AB8F00EC9455}.Release|x86.Build.0 = Release|Win32
		{E471EB11-8B50-4D61-B407-8A674AC2DA24}.Debug|x64.ActiveCfg = Debug|x64
		{E471EB11-8B50-4D61-B407-8A674AC2DA24}.Debug|x64.Build.0 = Debug|x64
		{E471EB11-8B50-4D61-B407-8A674AC2DA24}.Debug|x86.ActiveCfg = Debug|Win32
		{E471EB11-8B50-4D61-B407-8A674AC2DA24}.Debug|x86.Build.0 = Debug|Win32
		{E471EB11-8B50-4D61-B407-8A674AC2DA24}.Release|x64.ActiveCfg = Release|x64
		{E471EB11-8B50-4D61-B407-8A674AC2DA24}.Release|x64.Build.0 = Release|x64
		{E471EB11-8B50-4D61-B407-8A674AC2DA24}.Release|x86.ActiveCfg = Release|Win32
		{E471EB11-8B50-4D61-B407-8A674AC2DA24}.Release|x86.Build.0 = Release|Win32
	EndGlobalSection
	GlobalSection(SolutionProperties) = preSolution
		HideSolutionNode = FALSE
	EndGlobalSection
	GlobalSection(ExtensibilityGlobals) = postSolution
		SolutionGuid = {0C96E9A1-928E-468B-953F-0B6D4754CF7B}
	EndGlobalSection
EndGlobal
